
Microsoft Visual Studio Solution File, Format Version 12.00
# Visual Studio Version 17
VisualStudioVersion = 17.1.32407.343
MinimumVisualStudioVersion = 10.0.40219.1
Project("{FAE04EC0-301F-11D3-BF4B-00C04F79EFBC}") = "DiscordIntegrationAddon", "DiscordIntegrationAddon.csproj", "{6228BD88-21CD-4EBE-802F-E37FF9A4F48B}"
EndProject
Global
	GlobalSection(SolutionConfigurationPlatforms) = preSolution
		Debug|Any CPU = Debug|Any CPU
		Release|Any CPU = Release|Any CPU
	EndGlobalSection
	GlobalSection(ProjectConfigurationPlatforms) = postSolution
		{6228BD88-21CD-4EBE-802F-E37FF9A4F48B}.Debug|Any CPU.ActiveCfg = Debug|Any CPU
		{6228BD88-21CD-4EBE-802F-E37FF9A4F48B}.Debug|Any CPU.Build.0 = Debug|Any CPU
		{6228BD88-21CD-4EBE-802F-E37FF9A4F48B}.Release|Any CPU.ActiveCfg = Release|Any CPU
		{6228BD88-21CD-4EBE-802F-E37FF9A4F48B}.Release|Any CPU.Build.0 = Release|Any CPU
	EndGlobalSection
	GlobalSection(SolutionProperties) = preSolution
		HideSolutionNode = FALSE
	EndGlobalSection
	GlobalSection(ExtensibilityGlobals) = postSolution
		SolutionGuid = {C6A830D5-1570-4B58-BE8A-4E06D634AAEF}
	EndGlobalSection
EndGlobal
